# THIS IS AN AUTOGENERATED FILE. DO NOT EDIT THIS FILE DIRECTLY.
# yarn lockfile v1


"@sawjan/teamup-client@^1.1.0":
  version "1.1.0"
  resolved "https://registry.yarnpkg.com/@sawjan/teamup-client/-/teamup-client-1.1.0.tgz#c7d9ec45b34fc358d2dd77e2af2a9c9979e7601f"
  integrity sha512-sRKgqsCkTSd2W5D7IY9wecbePclbiD8iFt1GAcxq5fS3wngudymPDygxYnFdLkgM7HlGV73zt1E8aLMXEBF6tQ==
  dependencies:
    axios "^0.27.2"

ansi-regex@^2.0.0:
  version "2.1.1"
  resolved "https://registry.yarnpkg.com/ansi-regex/-/ansi-regex-2.1.1.tgz#c3b33ab5ee360d86e0e628f0468ae7ef27d654df"
  integrity sha512-TIGnTpdo+E3+pCyAluZvtED5p5wCqLdezCyhPZzKPcxvFplEt4i+W7OONCKgeZFT3+y5NZZfOOS/Bdcanm1MYA==

ansi-styles@^2.2.1:
  version "2.2.1"
  resolved "https://registry.yarnpkg.com/ansi-styles/-/ansi-styles-2.2.1.tgz#b432dd3358b634cf75e1e4664368240533c1ddbe"
  integrity sha512-kmCevFghRiWM7HB5zTPULl4r9bVFSWjz62MhqizDGUrq2NWuNMQyuv4tHHoKJHs69M/MF64lEcHdYIocrdWQYA==

asn1@~0.2.3:
  version "0.2.6"
  resolved "https://registry.yarnpkg.com/asn1/-/asn1-0.2.6.tgz#0d3a7bb6e64e02a90c0303b31f292868ea09a08d"
  integrity sha512-ix/FxPn0MDjeyJ7i/yoHGFt/EX6LyNbxSEhPPXODPL+KB0VPk86UYfL0lMdy+KCnv+fmvIzySwaK5COwqVbWTQ==
  dependencies:
    safer-buffer "~2.1.0"

assert-plus@1.0.0, assert-plus@^1.0.0:
  version "1.0.0"
  resolved "https://registry.yarnpkg.com/assert-plus/-/assert-plus-1.0.0.tgz#f12e0f3c5d77b0b1cdd9146942e4e96c1e4dd525"
  integrity sha512-NfJ4UzBCcQGLDlQq7nHxH+tv3kyZ0hHQqF5BO6J7tNJeP5do1llPr8dZ8zHonfhAu0PHAdMkSo+8o0wxg9lZWw==

assert-plus@^0.2.0:
  version "0.2.0"
  resolved "https://registry.yarnpkg.com/assert-plus/-/assert-plus-0.2.0.tgz#d74e1b87e7affc0db8aadb7021f3fe48101ab234"
  integrity sha512-u1L0ZLywRziOVjUhRxI0Qg9G+4RnFB9H/Rq40YWn0dieDgO7vAYeJz6jKAO6t/aruzlDFLAPkQTT87e+f8Imaw==

async@^1.5.2:
  version "1.5.2"
  resolved "https://registry.yarnpkg.com/async/-/async-1.5.2.tgz#ec6a61ae56480c0c3cb241c95618e20892f9672a"
  integrity sha512-nSVgobk4rv61R9PUSDtYt7mPVB2olxNR5RWJcAsH676/ef11bUZwvu7+RGYrYauVdDPcO519v68wRhXQtxsV9w==

async@^2.0.1:
  version "2.6.4"
  resolved "https://registry.yarnpkg.com/async/-/async-2.6.4.tgz#706b7ff6084664cd7eae713f6f965433b5504221"
  integrity sha512-mzo5dfJYwAn29PeiJ0zvwTo04zj8HDJj0Mn8TD7sno7q12prdbnasKJHhkm2c1LgrhlJ0teaea8860oxi51mGA==
  dependencies:
    lodash "^4.17.14"

asynckit@^0.4.0:
  version "0.4.0"
  resolved "https://registry.yarnpkg.com/asynckit/-/asynckit-0.4.0.tgz#c79ed97f7f34cb8f2ba1bc9790bcc366474b4b79"
  integrity sha512-Oei9OH4tRh0YqU3GxhX79dM/mwVgvbZJaSNaRk+bshkj0S5cfHcgYakreBjrHwatXKbz+IoIdYLxrKim2MjW0Q==

aws-sign2@~0.6.0:
  version "0.6.0"
  resolved "https://registry.yarnpkg.com/aws-sign2/-/aws-sign2-0.6.0.tgz#14342dd38dbcc94d0e5b87d763cd63612c0e794f"
  integrity sha512-JnJpAS0p9RmixkOvW2XwDxxzs1bd4/VAGIl6Q0EC5YOo+p+hqIhtDhn/nmFnB/xUNXbLkpE2mOjgVIBRKD4xYw==

aws4@^1.2.1:
  version "1.11.0"
  resolved "https://registry.yarnpkg.com/aws4/-/aws4-1.11.0.tgz#d61f46d83b2519250e2784daf5b09479a8b41c59"
  integrity sha512-xh1Rl34h6Fi1DC2WWKfxUTVqRsNnr6LsKz2+hfwDxQJWmrx8+c7ylaqBMcHfl1U1r2dsifOvKX3LQuLNZ+XSvA==

axios@^0.27.2:
  version "0.27.2"
  resolved "https://registry.yarnpkg.com/axios/-/axios-0.27.2.tgz#207658cc8621606e586c85db4b41a750e756d972"
  integrity sha512-t+yRIyySRTp/wua5xEr+z1q60QmLq8ABsS5O9Me1AsE5dfKqgnCFzwiCZZ/cGNd1lq4/7akDWMxdhVlucjmnOQ==
  dependencies:
    follow-redirects "^1.14.9"
    form-data "^4.0.0"

bcrypt-pbkdf@^1.0.0:
  version "1.0.2"
  resolved "https://registry.yarnpkg.com/bcrypt-pbkdf/-/bcrypt-pbkdf-1.0.2.tgz#a4301d389b6a43f9b67ff3ca11a3f6637e360e9e"
  integrity sha512-qeFIXtP4MSoi6NLqO12WfqARWWuCKi2Rn/9hJLEmtB5yTNr9DqFWkJRCf2qShWzPeAMRnOgCrq0sg/KLv5ES9w==
  dependencies:
    tweetnacl "^0.14.3"

bl@~1.1.2:
  version "1.1.2"
  resolved "https://registry.yarnpkg.com/bl/-/bl-1.1.2.tgz#fdca871a99713aa00d19e3bbba41c44787a65398"
  integrity sha512-uVVYHEQk+OuWvCi5U+iquVXvvGCWXKawjwELIR2XMLsqfV/e2sGDClVBs8OlGIgGsStPRY/Es311YKYIlYCWAg==
  dependencies:
    readable-stream "~2.0.5"

boom@2.x.x:
  version "2.10.1"
  resolved "https://registry.yarnpkg.com/boom/-/boom-2.10.1.tgz#39c8918ceff5799f83f9492a848f625add0c766f"
  integrity sha512-KbiZEa9/vofNcVJXGwdWWn25reQ3V3dHBWbS07FTF3/TOehLnm9GEhJV4T6ZvGPkShRpmUqYwnaCrkj0mRnP6Q==
  dependencies:
    hoek "2.x.x"

camelcase@^2.0.1:
  version "2.1.1"
  resolved "https://registry.yarnpkg.com/camelcase/-/camelcase-2.1.1.tgz#7c1d16d679a1bbe59ca02cacecfb011e201f5a1f"
  integrity sha512-DLIsRzJVBQu72meAKPkWQOLcujdXT32hwdfnkI1frSiSRMK1MofjKHf+MEx0SB6fjEFXL8fBDv1dKymBlOp4Qw==

caseless@~0.11.0:
  version "0.11.0"
  resolved "https://registry.yarnpkg.com/caseless/-/caseless-0.11.0.tgz#715b96ea9841593cc33067923f5ec60ebda4f7d7"
  integrity sha512-ODLXH644w9C2fMPAm7bMDQ3GRvipZWZfKc+8As6hIadRIelE0n0xZuN38NS6kiK3KPEVrpymmQD8bvncAHWQkQ==

chalk@^1.1.1:
  version "1.1.3"
  resolved "https://registry.yarnpkg.com/chalk/-/chalk-1.1.3.tgz#a8115c55e4a702fe4d150abd3872822a7e09fc98"
  integrity sha512-U3lRVLMSlsCfjqYPbLyVv11M9CPW4I728d6TCKMAOJueEeB9/8o+eSsMnxPJD+Q+K909sdESg7C+tIkoH6on1A==
  dependencies:
    ansi-styles "^2.2.1"
    escape-string-regexp "^1.0.2"
    has-ansi "^2.0.0"
    strip-ansi "^3.0.0"
    supports-color "^2.0.0"

cliui@^3.0.3:
  version "3.2.0"
  resolved "https://registry.yarnpkg.com/cliui/-/cliui-3.2.0.tgz#120601537a916d29940f934da3b48d585a39213d"
  integrity sha512-0yayqDxWQbqk3ojkYqUKqaAQ6AfNKeKWRNA8kR0WXzAsdHpP4BIaOmMAG87JGuO6qcobyW4GjxHd9PmhEd+T9w==
  dependencies:
    string-width "^1.0.1"
    strip-ansi "^3.0.1"
    wrap-ansi "^2.0.0"

code-point-at@^1.0.0:
  version "1.1.0"
  resolved "https://registry.yarnpkg.com/code-point-at/-/code-point-at-1.1.0.tgz#0d070b4d043a5bea33a2f1a40e2edb3d9a4ccf77"
  integrity sha512-RpAVKQA5T63xEj6/giIbUEtZwJ4UFIc3ZtvEkiaUERylqe8xb5IvqcgOurZLahv93CLKfxcw5YI+DZcUBRyLXA==

combined-stream@^1.0.5, combined-stream@^1.0.8, combined-stream@~1.0.5:
  version "1.0.8"
  resolved "https://registry.yarnpkg.com/combined-stream/-/combined-stream-1.0.8.tgz#c3d45a8b34fd730631a110a8a2520682b31d5a7f"
  integrity sha512-FQN4MRfuJeHf7cBbBMJFXhKSDq+2kAArBlmRBvcvFE5BB1HZKXtSFASDhdlz9zOYwxh8lDdnvmMOe/+5cdoEdg==
  dependencies:
    delayed-stream "~1.0.0"

commander@^2.9.0:
  version "2.20.3"
  resolved "https://registry.yarnpkg.com/commander/-/commander-2.20.3.tgz#fd485e84c03eb4881c20722ba48035e8531aeb33"
  integrity sha512-GpVkmM8vF2vQUkj2LvZmD35JxeJOLCwJ9cUkugyk2nuhbv3+mJvpLYYt+0+USMxE+oj+ey/lJEnhZw75x/OMcQ==

core-util-is@1.0.2:
  version "1.0.2"
  resolved "https://registry.yarnpkg.com/core-util-is/-/core-util-is-1.0.2.tgz#b5fd54220aa2bc5ab57aab7140c940754503c1a7"
  integrity sha512-3lqz5YjWTYnW6dlDa5TLaTCcShfar1e40rmcJVwCBJC6mWlFuj0eCHIElmG1g5kyuJ/GD+8Wn4FFCcz4gJPfaQ==

core-util-is@~1.0.0:
  version "1.0.3"
  resolved "https://registry.yarnpkg.com/core-util-is/-/core-util-is-1.0.3.tgz#a6042d3634c2b27e9328f837b965fac83808db85"
  integrity sha512-ZQBvi1DcpJ4GDqanjucZ2Hj3wEO5pZDS89BWbkcrvdxksJorwUDDZamX9ldFkp9aw2lmBDLgkObEA4DWNJ9FYQ==

cryptiles@2.x.x:
  version "2.0.5"
  resolved "https://registry.yarnpkg.com/cryptiles/-/cryptiles-2.0.5.tgz#3bdfecdc608147c1c67202fa291e7dca59eaa3b8"
  integrity sha512-FFN5KwpvvQTTS5hWPxrU8/QE4kQUc6uwZcrnlMBN82t1MgAtq8mnoDwINBly9Tdr02seeIIhtdF+UH1feBYGog==
  dependencies:
    boom "2.x.x"

dashdash@^1.12.0:
  version "1.14.1"
  resolved "https://registry.yarnpkg.com/dashdash/-/dashdash-1.14.1.tgz#853cfa0f7cbe2fed5de20326b8dd581035f6e2f0"
  integrity sha512-jRFi8UDGo6j+odZiEpjazZaWqEal3w/basFjQHQEwVtZJGDpxbH1MeYluwCS8Xq5wmLJooDlMgvVarmWfGM44g==
  dependencies:
    assert-plus "^1.0.0"

ddp-ejson@0.8.1-3:
  version "0.8.1-3"
  resolved "https://registry.yarnpkg.com/ddp-ejson/-/ddp-ejson-0.8.1-3.tgz#e9d67466ab789bd74e7d97074a36e240690eeec2"
  integrity sha512-9pOzIj5YULtoQUQ9N0wDKWcdNkRzD6W1T3iQIuMNWPHVJ7L5zglNX/37YxwM6msZ38JtC9ovSF3x3Z8aWnbjLQ==
  dependencies:
    ddp-underscore-patched "0.8.1-2"

ddp-login@^1.0.10:
  version "1.0.10"
  resolved "https://registry.yarnpkg.com/ddp-login/-/ddp-login-1.0.10.tgz#0b7056489822aa33909f1ae7dcefca3c3c8d03bc"
  integrity sha512-F6rNtORtTUgvukst85f31DZbtyzru88So6yUBsLhQiPX9c8sEWRncQO+EuK1Pv3AlR5xy5CTP6+1olSPHuNMTg==
  dependencies:
    async "^1.5.2"
    ddp "^0.12.0"
    read "^1.0.7"
    yargs "^3.32.0"

ddp-underscore-patched@0.8.1-2:
  version "0.8.1-2"
  resolved "https://registry.yarnpkg.com/ddp-underscore-patched/-/ddp-underscore-patched-0.8.1-2.tgz#65a414e9f22ec5a82aa16386e34366b48fcecf1d"
  integrity sha512-0lOpWnyTYt+9cef+gVQm2RxqceYEZ1bLR3xU5ICXedcy5WxECvJ6t1hDgnSS6Ng6fLA8Z/QUEY+4bu/6cAgL9A==

ddp@^0.12.0, ddp@^0.12.1:
  version "0.12.1"
  resolved "https://registry.yarnpkg.com/ddp/-/ddp-0.12.1.tgz#1443514c3c1334a5fdb3dfae7a180a4f698105b7"
  integrity sha512-BVH0vjk19ooeRTmSLUNA8n4inIvmKN4/8kT0AX4TEo9o1BC38VGlFXh0vR26WbKfYf7z/gLmnLVELgLwXYBc6g==
  dependencies:
    ddp-ejson "0.8.1-3"
    ddp-underscore-patched "0.8.1-2"
    faye-websocket "0.11.0"
    request "2.74.x"

decamelize@^1.1.1:
  version "1.2.0"
  resolved "https://registry.yarnpkg.com/decamelize/-/decamelize-1.2.0.tgz#f6534d15148269b20352e7bee26f501f9a191290"
  integrity sha512-z2S+W9X73hAUUki+N+9Za2lBlun89zigOyGrsax+KUQ6wKW4ZoWpEYBkGhQjwAjjDCkWxhY0VKEhk8wzY7F5cA==

delayed-stream@~1.0.0:
  version "1.0.0"
  resolved "https://registry.yarnpkg.com/delayed-stream/-/delayed-stream-1.0.0.tgz#df3ae199acadfb7d440aaae0b29e2272b24ec619"
  integrity sha512-ZySD7Nf91aLB0RxL4KGrKHBXl7Eds1DAmEdcoVawXnLD7SDhpNgtuII2aAkg7a7QS41jxPSZ17p4VdGnMHk3MQ==

dotenv@^16.0.1:
  version "16.0.1"
  resolved "https://registry.yarnpkg.com/dotenv/-/dotenv-16.0.1.tgz#8f8f9d94876c35dac989876a5d3a82a267fdce1d"
  integrity sha512-1K6hR6wtk2FviQ4kEiSjFiH5rpzEVi8WW0x96aztHVMhEspNpc4DVOUTEHtEva5VThQ8IaBX1Pe4gSzpVVUsKQ==

ecc-jsbn@~0.1.1:
  version "0.1.2"
  resolved "https://registry.yarnpkg.com/ecc-jsbn/-/ecc-jsbn-0.1.2.tgz#3a83a904e54353287874c564b7549386849a98c9"
  integrity sha512-eh9O+hwRHNbG4BLTjEl3nw044CkGm5X6LoaCf7LPp7UU8Qrt47JYNi6nPX8xjW97TKGKm1ouctg0QSpZe9qrnw==
  dependencies:
    jsbn "~0.1.0"
    safer-buffer "^2.1.0"

escape-string-regexp@^1.0.2:
  version "1.0.5"
  resolved "https://registry.yarnpkg.com/escape-string-regexp/-/escape-string-regexp-1.0.5.tgz#1b61c0562190a8dff6ae3bb2cf0200ca130b86d4"
  integrity sha512-vbRorB5FUQWvla16U8R/qgaFIya2qGzwDrNmCZuYKrbdSUMG6I1ZCGQRefkRVhuOkIGVne7BQ35DSfo1qvJqFg==

extend@~3.0.0:
  version "3.0.2"
  resolved "https://registry.yarnpkg.com/extend/-/extend-3.0.2.tgz#f8b1136b4071fbd8eb140aff858b1019ec2915fa"
  integrity sha512-fjquC59cD7CyW6urNXK0FBufkZcoiGG80wTuPujX590cB5Ttln20E2UB4S/WARVqhXffZl2LNgS+gQdPIIim/g==

extsprintf@1.3.0:
  version "1.3.0"
  resolved "https://registry.yarnpkg.com/extsprintf/-/extsprintf-1.3.0.tgz#96918440e3041a7a414f8c52e3c574eb3c3e1e05"
  integrity sha512-11Ndz7Nv+mvAC1j0ktTa7fAb0vLyGGX+rMHNBYQviQDGU0Hw7lhctJANqbPhu9nV9/izT/IntTgZ7Im/9LJs9g==

extsprintf@^1.2.0:
  version "1.4.1"
  resolved "https://registry.yarnpkg.com/extsprintf/-/extsprintf-1.4.1.tgz#8d172c064867f235c0c84a596806d279bf4bcc07"
  integrity sha512-Wrk35e8ydCKDj/ArClo1VrPVmN8zph5V4AtHwIuHhvMXsKf73UT3BOD+azBIW+3wOJ4FhEH7zyaJCFvChjYvMA==

faye-websocket@0.11.0:
  version "0.11.0"
  resolved "https://registry.yarnpkg.com/faye-websocket/-/faye-websocket-0.11.0.tgz#d9ccf0e789e7db725d74bc4877d23aa42972ac50"
  integrity sha512-fu+PqTLa2kT1PFFzkw602YQE6xKLJsPArbV7vMUe/Qn8Q6n2D/OMPEuO3iRKIctsnMvLU0xdkbsBph7hp3AGIQ==
  dependencies:
    websocket-driver ">=0.5.1"

follow-redirects@^1.14.9:
  version "1.15.1"
  resolved "https://registry.yarnpkg.com/follow-redirects/-/follow-redirects-1.15.1.tgz#0ca6a452306c9b276e4d3127483e29575e207ad5"
  integrity sha512-yLAMQs+k0b2m7cVxpS1VKJVvoz7SS9Td1zss3XRwXj+ZDH00RJgnuLx7E44wx02kQLrdM3aOOy+FpzS7+8OizA==

forever-agent@~0.6.1:
  version "0.6.1"
  resolved "https://registry.yarnpkg.com/forever-agent/-/forever-agent-0.6.1.tgz#fbc71f0c41adeb37f96c577ad1ed42d8fdacca91"
  integrity sha512-j0KLYPhm6zeac4lz3oJ3o65qvgQCcPubiyotZrXqEaG4hNagNYO8qdlUrX5vwqv9ohqeT/Z3j6+yW067yWWdUw==

form-data@^4.0.0:
  version "4.0.0"
  resolved "https://registry.yarnpkg.com/form-data/-/form-data-4.0.0.tgz#93919daeaf361ee529584b9b31664dc12c9fa452"
  integrity sha512-ETEklSGi5t0QMZuiXoA/Q6vcnxcLQP5vdugSpuAyi6SVGi2clPPp+xgEhuMaHC+zGgn31Kd235W35f7Hykkaww==
  dependencies:
    asynckit "^0.4.0"
    combined-stream "^1.0.8"
    mime-types "^2.1.12"

form-data@~1.0.0-rc4:
  version "1.0.1"
  resolved "https://registry.yarnpkg.com/form-data/-/form-data-1.0.1.tgz#ae315db9a4907fa065502304a66d7733475ee37c"
  integrity sha512-M4Yhq2mLogpCtpUmfopFlTTuIe6mSCTgKvnlMhDj3NcgVhA1uS20jT0n+xunKPzpmL5w2erSVtp+SKiJf1TlWg==
  dependencies:
    async "^2.0.1"
    combined-stream "^1.0.5"
    mime-types "^2.1.11"

generate-function@^2.0.0:
  version "2.3.1"
  resolved "https://registry.yarnpkg.com/generate-function/-/generate-function-2.3.1.tgz#f069617690c10c868e73b8465746764f97c3479f"
  integrity sha512-eeB5GfMNeevm/GRYq20ShmsaGcmI81kIX2K9XQx5miC8KdHaC6Jm0qQ8ZNeGOi7wYB8OsdxKs+Y2oVuTFuVwKQ==
  dependencies:
    is-property "^1.0.2"

generate-object-property@^1.1.0:
  version "1.2.0"
  resolved "https://registry.yarnpkg.com/generate-object-property/-/generate-object-property-1.2.0.tgz#9c0e1c40308ce804f4783618b937fa88f99d50d0"
  integrity sha512-TuOwZWgJ2VAMEGJvAyPWvpqxSANF0LDpmyHauMjFYzaACvn+QTT/AZomvPCzVBV7yDN3OmwHQ5OvHaeLKre3JQ==
  dependencies:
    is-property "^1.0.0"

getpass@^0.1.1:
  version "0.1.7"
  resolved "https://registry.yarnpkg.com/getpass/-/getpass-0.1.7.tgz#5eff8e3e684d569ae4cb2b1282604e8ba62149fa"
  integrity sha512-0fzj9JxOLfJ+XGLhR8ze3unN0KZCgZwiSSDz168VERjK8Wl8kVSdcu2kspd4s4wtAa1y/qrVRiAA0WclVsu0ng==
  dependencies:
    assert-plus "^1.0.0"

har-validator@~2.0.6:
  version "2.0.6"
  resolved "https://registry.yarnpkg.com/har-validator/-/har-validator-2.0.6.tgz#cdcbc08188265ad119b6a5a7c8ab70eecfb5d27d"
  integrity sha512-P6tFV+wCcUL3nbyTDAvveDySfbhy0XkDtAIfZP6HITjM2WUsiPna/Eg1Yy93SFXvahqoX+kt0n+6xlXKDXYowA==
  dependencies:
    chalk "^1.1.1"
    commander "^2.9.0"
    is-my-json-valid "^2.12.4"
    pinkie-promise "^2.0.0"

has-ansi@^2.0.0:
  version "2.0.0"
  resolved "https://registry.yarnpkg.com/has-ansi/-/has-ansi-2.0.0.tgz#34f5049ce1ecdf2b0649af3ef24e45ed35416d91"
  integrity sha512-C8vBJ8DwUCx19vhm7urhTuUsr4/IyP6l4VzNQDv+ryHQObW3TTTp9yB68WpYgRe2bbaGuZ/se74IqFeVnMnLZg==
  dependencies:
    ansi-regex "^2.0.0"

hawk@~3.1.3:
  version "3.1.3"
  resolved "https://registry.yarnpkg.com/hawk/-/hawk-3.1.3.tgz#078444bd7c1640b0fe540d2c9b73d59678e8e1c4"
  integrity sha512-X8xbmTc1cbPXcQV4WkLcRMALuyoxhfpFATmyuCxJPOAvrDS4DNnsTAOmKUxMTOWU6TzrTOkxPKwIx5ZOpJVSrg==
  dependencies:
    boom "2.x.x"
    cryptiles "2.x.x"
    hoek "2.x.x"
    sntp "1.x.x"

hoek@2.x.x:
  version "2.16.3"
  resolved "https://registry.yarnpkg.com/hoek/-/hoek-2.16.3.tgz#20bb7403d3cea398e91dc4710a8ff1b8274a25ed"
  integrity sha512-V6Yw1rIcYV/4JsnggjBU0l4Kr+EXhpwqXRusENU1Xx6ro00IHPHYNynCuBTOZAPlr3AAmLvchH9I7N/VUdvOwQ==

http-parser-js@>=0.5.1:
  version "0.5.8"
  resolved "https://registry.yarnpkg.com/http-parser-js/-/http-parser-js-0.5.8.tgz#af23090d9ac4e24573de6f6aecc9d84a48bf20e3"
  integrity sha512-SGeBX54F94Wgu5RH3X5jsDtf4eHyRogWX1XGT3b4HuW3tQPM4AaBzoUji/4AAJNXCEOWZ5O0DgZmJw1947gD5Q==

http-signature@~1.1.0:
  version "1.1.1"
  resolved "https://registry.yarnpkg.com/http-signature/-/http-signature-1.1.1.tgz#df72e267066cd0ac67fb76adf8e134a8fbcf91bf"
  integrity sha512-iUn0NcRULlDGtqNLN1Jxmzayk8ogm7NToldASyZBpM2qggbphjXzNOiw3piN8tgz+e/DRs6X5gAzFwTI6BCRcg==
  dependencies:
    assert-plus "^0.2.0"
    jsprim "^1.2.2"
    sshpk "^1.7.0"

inherits@~2.0.1:
  version "2.0.4"
  resolved "https://registry.yarnpkg.com/inherits/-/inherits-2.0.4.tgz#0fa2c64f932917c3433a0ded55363aae37416b7c"
  integrity sha512-k/vGaX4/Yla3WzyMCvTQOXYeIHvqOKtnqBduzTHpzpQZzAskKMhZ2K+EnBiSM9zGSoIFeMpXKxa4dYeZIQqewQ==

invert-kv@^1.0.0:
  version "1.0.0"
  resolved "https://registry.yarnpkg.com/invert-kv/-/invert-kv-1.0.0.tgz#104a8e4aaca6d3d8cd157a8ef8bfab2d7a3ffdb6"
  integrity sha512-xgs2NH9AE66ucSq4cNG1nhSFghr5l6tdL15Pk+jl46bmmBapgoaY/AacXyaDznAqmGL99TiLSQgO/XazFSKYeQ==

is-fullwidth-code-point@^1.0.0:
  version "1.0.0"
  resolved "https://registry.yarnpkg.com/is-fullwidth-code-point/-/is-fullwidth-code-point-1.0.0.tgz#ef9e31386f031a7f0d643af82fde50c457ef00cb"
  integrity sha512-1pqUqRjkhPJ9miNq9SwMfdvi6lBJcd6eFxvfaivQhaH3SgisfiuudvFntdKOmxuee/77l+FPjKrQjWvmPjWrRw==
  dependencies:
    number-is-nan "^1.0.0"

is-my-ip-valid@^1.0.0:
  version "1.0.1"
  resolved "https://registry.yarnpkg.com/is-my-ip-valid/-/is-my-ip-valid-1.0.1.tgz#f7220d1146257c98672e6fba097a9f3f2d348442"
  integrity sha512-jxc8cBcOWbNK2i2aTkCZP6i7wkHF1bqKFrwEHuN5Jtg5BSaZHUZQ/JTOJwoV41YvHnOaRyWWh72T/KvfNz9DJg==

is-my-json-valid@^2.12.4:
  version "2.20.6"
  resolved "https://registry.yarnpkg.com/is-my-json-valid/-/is-my-json-valid-2.20.6.tgz#a9d89e56a36493c77bda1440d69ae0dc46a08387"
  integrity sha512-1JQwulVNjx8UqkPE/bqDaxtH4PXCe/2VRh/y3p99heOV87HG4Id5/VfDswd+YiAfHcRTfDlWgISycnHuhZq1aw==
  dependencies:
    generate-function "^2.0.0"
    generate-object-property "^1.1.0"
    is-my-ip-valid "^1.0.0"
    jsonpointer "^5.0.0"
    xtend "^4.0.0"

is-property@^1.0.0, is-property@^1.0.2:
  version "1.0.2"
  resolved "https://registry.yarnpkg.com/is-property/-/is-property-1.0.2.tgz#57fe1c4e48474edd65b09911f26b1cd4095dda84"
  integrity sha512-Ks/IoX00TtClbGQr4TWXemAnktAQvYB7HzcCxDGqEZU6oCmb2INHuOoKxbtR+HFkmYWBKv/dOZtGRiAjDhj92g==

is-typedarray@~1.0.0:
  version "1.0.0"
  resolved "https://registry.yarnpkg.com/is-typedarray/-/is-typedarray-1.0.0.tgz#e479c80858df0c1b11ddda6940f96011fcda4a9a"
  integrity sha512-cyA56iCMHAh5CdzjJIa4aohJyeO1YbwLi3Jc35MmRU6poroFjIGZzUzupGiRPOjgHg9TLu43xbpwXk523fMxKA==

isarray@~1.0.0:
  version "1.0.0"
  resolved "https://registry.yarnpkg.com/isarray/-/isarray-1.0.0.tgz#bb935d48582cba168c06834957a54a3e07124f11"
  integrity sha512-VLghIWNM6ELQzo7zwmcg0NmTVyWKYjvIeM83yjp0wRDTmUnrM678fQbcKBo6n2CJEF0szoG//ytg+TKla89ALQ==

isstream@~0.1.2:
  version "0.1.2"
  resolved "https://registry.yarnpkg.com/isstream/-/isstream-0.1.2.tgz#47e63f7af55afa6f92e1500e690eb8b8529c099a"
  integrity sha512-Yljz7ffyPbrLpLngrMtZ7NduUgVvi6wG9RJ9IUcyCd59YQ911PBJphODUcbOVbqYfxe1wuYf/LJ8PauMRwsM/g==

jsbn@~0.1.0:
  version "0.1.1"
  resolved "https://registry.yarnpkg.com/jsbn/-/jsbn-0.1.1.tgz#a5e654c2e5a2deb5f201d96cefbca80c0ef2f513"
  integrity sha512-UVU9dibq2JcFWxQPA6KCqj5O42VOmAY3zQUfEKxU0KpTGXwNoCjkX1e13eHNvw/xPynt6pU0rZ1htjWTNTSXsg==

json-schema@0.4.0:
  version "0.4.0"
  resolved "https://registry.yarnpkg.com/json-schema/-/json-schema-0.4.0.tgz#f7de4cf6efab838ebaeb3236474cbba5a1930ab5"
  integrity sha512-es94M3nTIfsEPisRafak+HDLfHXnKBhV3vU5eqPcS3flIWqcxJWgXHXiey3YrpaNsanY5ei1VoYEbOzijuq9BA==

json-stringify-safe@~5.0.1:
  version "5.0.1"
  resolved "https://registry.yarnpkg.com/json-stringify-safe/-/json-stringify-safe-5.0.1.tgz#1296a2d58fd45f19a0f6ce01d65701e2c735b6eb"
  integrity sha512-ZClg6AaYvamvYEE82d3Iyd3vSSIjQ+odgjaTzRuO3s7toCdFKczob2i0zCh7JE8kWn17yvAWhUVxvqGwUalsRA==

jsonpointer@^5.0.0:
  version "5.0.1"
  resolved "https://registry.yarnpkg.com/jsonpointer/-/jsonpointer-5.0.1.tgz#2110e0af0900fd37467b5907ecd13a7884a1b559"
  integrity sha512-p/nXbhSEcu3pZRdkW1OfJhpsVtW1gd4Wa1fnQc9YLiTfAjn0312eMKimbdIQzuZl9aa9xUGaRlP9T/CJE/ditQ==

jsprim@^1.2.2:
  version "1.4.2"
  resolved "https://registry.yarnpkg.com/jsprim/-/jsprim-1.4.2.tgz#712c65533a15c878ba59e9ed5f0e26d5b77c5feb"
  integrity sha512-P2bSOMAc/ciLz6DzgjVlGJP9+BrJWu5UDGK70C2iweC5QBIeFf0ZXRvGjEj2uYgrY2MkAAhsSWHDWlFtEroZWw==
  dependencies:
    assert-plus "1.0.0"
    extsprintf "1.3.0"
    json-schema "0.4.0"
    verror "1.10.0"

lcid@^1.0.0:
  version "1.0.0"
  resolved "https://registry.yarnpkg.com/lcid/-/lcid-1.0.0.tgz#308accafa0bc483a3867b4b6f2b9506251d1b835"
  integrity sha512-YiGkH6EnGrDGqLMITnGjXtGmNtjoXw9SVUzcaos8RBi7Ps0VBylkq+vOcY9QE5poLasPCR849ucFUkl0UzUyOw==
  dependencies:
    invert-kv "^1.0.0"

lodash@^4.17.14:
  version "4.17.21"
  resolved "https://registry.yarnpkg.com/lodash/-/lodash-4.17.21.tgz#679591c564c3bffaae8454cf0b3df370c3d6911c"
  integrity sha512-v2kDEe57lecTulaDIuNTPy3Ry4gLGJ6Z1O3vE1krgXZNrsQ+LFTGHVxVjcXPs17LhbZVGedAJv8XZ1tvj5FvSg==

mime-db@1.52.0:
  version "1.52.0"
  resolved "https://registry.yarnpkg.com/mime-db/-/mime-db-1.52.0.tgz#bbabcdc02859f4987301c856e3387ce5ec43bf70"
  integrity sha512-sPU4uV7dYlvtWJxwwxHD0PuihVNiE7TyAbQ5SWxDCB9mUYvOgroQOwYQQOKPJ8CIbE+1ETVlOoK1UC2nU3gYvg==

mime-types@^2.1.11, mime-types@^2.1.12, mime-types@~2.1.7:
  version "2.1.35"
  resolved "https://registry.yarnpkg.com/mime-types/-/mime-types-2.1.35.tgz#381a871b62a734450660ae3deee44813f70d959a"
  integrity sha512-ZDY+bPm5zTTF+YpCrAU9nK0UgICYPT0QtT1NZWFv4s++TNkcgVaT0g6+4R2uI4MjQjzysHB1zxuWL50hzaeXiw==
  dependencies:
    mime-db "1.52.0"

mute-stream@~0.0.4:
  version "0.0.8"
  resolved "https://registry.yarnpkg.com/mute-stream/-/mute-stream-0.0.8.tgz#1630c42b2251ff81e2a283de96a5497ea92e5e0d"
  integrity sha512-nnbWWOkoWyUsTjKrhgD0dcz22mdkSnpYqbEjIm2nhwhuxlSkpywJmBo8h0ZqJdkp73mb90SssHkN4rsRaBAfAA==

node-uuid@~1.4.7:
  version "1.4.8"
  resolved "https://registry.yarnpkg.com/node-uuid/-/node-uuid-1.4.8.tgz#b040eb0923968afabf8d32fb1f17f1167fdab907"
  integrity sha512-TkCET/3rr9mUuRp+CpO7qfgT++aAxfDRaalQhwPFzI9BY/2rCDn6OfpZOVggi1AXfTPpfkTrg5f5WQx5G1uLxA==

number-is-nan@^1.0.0:
  version "1.0.1"
  resolved "https://registry.yarnpkg.com/number-is-nan/-/number-is-nan-1.0.1.tgz#097b602b53422a522c1afb8790318336941a011d"
  integrity sha512-4jbtZXNAsfZbAHiiqjLPBiCl16dES1zI4Hpzzxw61Tk+loF+sBDBKx1ICKKKwIqQ7M0mFn1TmkN7euSncWgHiQ==

oauth-sign@~0.8.1:
  version "0.8.2"
  resolved "https://registry.yarnpkg.com/oauth-sign/-/oauth-sign-0.8.2.tgz#46a6ab7f0aead8deae9ec0565780b7d4efeb9d43"
  integrity sha512-VlF07iu3VV3+BTXj43Nmp6Irt/G7j/NgEctUS6IweH1RGhURjjCc2NWtzXFPXXWWfc7hgbXQdtiQu2LGp6MxUg==

os-locale@^1.4.0:
  version "1.4.0"
  resolved "https://registry.yarnpkg.com/os-locale/-/os-locale-1.4.0.tgz#20f9f17ae29ed345e8bde583b13d2009803c14d9"
  integrity sha512-PRT7ZORmwu2MEFt4/fv3Q+mEfN4zetKxufQrkShY2oGvUms9r8otu5HfdyIFHkYXjO7laNsoVGmM2MANfuTA8g==
  dependencies:
    lcid "^1.0.0"

pinkie-promise@^2.0.0:
  version "2.0.1"
  resolved "https://registry.yarnpkg.com/pinkie-promise/-/pinkie-promise-2.0.1.tgz#2135d6dfa7a358c069ac9b178776288228450ffa"
  integrity sha512-0Gni6D4UcLTbv9c57DfxDGdr41XfgUjqWZu492f0cIGr16zDU06BWP/RAEvOuo7CQ0CNjHaLlM59YJJFm3NWlw==
  dependencies:
    pinkie "^2.0.0"

pinkie@^2.0.0:
  version "2.0.4"
  resolved "https://registry.yarnpkg.com/pinkie/-/pinkie-2.0.4.tgz#72556b80cfa0d48a974e80e77248e80ed4f7f870"
  integrity sha512-MnUuEycAemtSaeFSjXKW/aroV7akBbY+Sv+RkyqFjgAe73F+MR0TBWKBRDkmfWq/HiFmdavfZ1G7h4SPZXaCSg==

process-nextick-args@~1.0.6:
  version "1.0.7"
  resolved "https://registry.yarnpkg.com/process-nextick-args/-/process-nextick-args-1.0.7.tgz#150e20b756590ad3f91093f25a4f2ad8bff30ba3"
  integrity sha512-yN0WQmuCX63LP/TMvAg31nvT6m4vDqJEiiv2CAZqWOGNWutc9DfDk1NPYYmKUFmaVM2UwDowH4u5AHWYP/jxKw==

punycode@^1.4.1:
  version "1.4.1"
  resolved "https://registry.yarnpkg.com/punycode/-/punycode-1.4.1.tgz#c0d5a63b2718800ad8e1eb0fa5269c84dd41845e"
  integrity sha512-jmYNElW7yvO7TV33CjSmvSiE2yco3bV2czu/OzDKdMNVZQWfxCblURLhf+47syQRBntjfLdd/H0egrzIG+oaFQ==

qs@~6.2.0:
  version "6.2.4"
  resolved "https://registry.yarnpkg.com/qs/-/qs-6.2.4.tgz#d90821bb8537cecc140e6c34f54ec76e54b39b22"
  integrity sha512-E57gmgKXqDda+qWTkUJgIwgJICK7zgMfqZZopTRKZ6mY9gzLlmJN9EpXNnDrTxXFlOM/a+I28kJkF/60rqgnYw==

read@^1.0.7:
  version "1.0.7"
  resolved "https://registry.yarnpkg.com/read/-/read-1.0.7.tgz#b3da19bd052431a97671d44a42634adf710b40c4"
  integrity sha512-rSOKNYUmaxy0om1BNjMN4ezNT6VKK+2xF4GBhc81mkH7L60i6dp8qPYrkndNLT3QPphoII3maL9PVC9XmhHwVQ==
  dependencies:
    mute-stream "~0.0.4"

readable-stream@~2.0.5:
  version "2.0.6"
  resolved "https://registry.yarnpkg.com/readable-stream/-/readable-stream-2.0.6.tgz#8f90341e68a53ccc928788dacfcd11b36eb9b78e"
  integrity sha512-TXcFfb63BQe1+ySzsHZI/5v1aJPCShfqvWJ64ayNImXMsN1Cd0YGk/wm8KB7/OeessgPc9QvS9Zou8QTkFzsLw==
  dependencies:
    core-util-is "~1.0.0"
    inherits "~2.0.1"
    isarray "~1.0.0"
    process-nextick-args "~1.0.6"
    string_decoder "~0.10.x"
    util-deprecate "~1.0.1"

request@2.74.x:
  version "2.74.0"
  resolved "https://registry.yarnpkg.com/request/-/request-2.74.0.tgz#7693ca768bbb0ea5c8ce08c084a45efa05b892ab"
  integrity sha512-m3uMovC42y63jXe/Sr49/qJdqpSYwQAgYIc487l0zSXI6Z6f5cV/V4a86h2Z+AAwKpt5bfB66KrZxOfOSdh6FQ==
  dependencies:
    aws-sign2 "~0.6.0"
    aws4 "^1.2.1"
    bl "~1.1.2"
    caseless "~0.11.0"
    combined-stream "~1.0.5"
    extend "~3.0.0"
    forever-agent "~0.6.1"
    form-data "~1.0.0-rc4"
    har-validator "~2.0.6"
    hawk "~3.1.3"
    http-signature "~1.1.0"
    is-typedarray "~1.0.0"
    isstream "~0.1.2"
    json-stringify-safe "~5.0.1"
    mime-types "~2.1.7"
    node-uuid "~1.4.7"
    oauth-sign "~0.8.1"
    qs "~6.2.0"
    stringstream "~0.0.4"
    tough-cookie "~2.3.0"
    tunnel-agent "~0.4.1"

safe-buffer@>=5.1.0:
  version "5.2.1"
  resolved "https://registry.yarnpkg.com/safe-buffer/-/safe-buffer-5.2.1.tgz#1eaf9fa9bdb1fdd4ec75f58f9cdb4e6b7827eec6"
  integrity sha512-rp3So07KcdmmKbGvgaNxQSJr7bGVSVk5S9Eq1F+ppbRo70+YeaDxkw5Dd8NPN+GD6bjnYm2VuPuCXmpuYvmCXQ==

safer-buffer@^2.0.2, safer-buffer@^2.1.0, safer-buffer@~2.1.0:
  version "2.1.2"
  resolved "https://registry.yarnpkg.com/safer-buffer/-/safer-buffer-2.1.2.tgz#44fa161b0187b9549dd84bb91802f9bd8385cd6a"
  integrity sha512-YZo3K82SD7Riyi0E1EQPojLz7kpepnSQI9IyPbHHg1XXXevb5dJI7tpyN2ADxGcQbHG7vcyRHk0cbwqcQriUtg==

sntp@1.x.x:
  version "1.0.9"
  resolved "https://registry.yarnpkg.com/sntp/-/sntp-1.0.9.tgz#6541184cc90aeea6c6e7b35e2659082443c66198"
  integrity sha512-7bgVOAnPj3XjrKY577S+puCKGCRlUrcrEdsMeRXlg9Ghf5df/xNi6sONUa43WrHUd3TjJBF7O04jYoiY0FVa0A==
  dependencies:
    hoek "2.x.x"

sshpk@^1.7.0:
  version "1.17.0"
  resolved "https://registry.yarnpkg.com/sshpk/-/sshpk-1.17.0.tgz#578082d92d4fe612b13007496e543fa0fbcbe4c5"
  integrity sha512-/9HIEs1ZXGhSPE8X6Ccm7Nam1z8KcoCqPdI7ecm1N33EzAetWahvQWVqLZtaZQ+IDKX4IyA2o0gBzqIMkAagHQ==
  dependencies:
    asn1 "~0.2.3"
    assert-plus "^1.0.0"
    bcrypt-pbkdf "^1.0.0"
    dashdash "^1.12.0"
    ecc-jsbn "~0.1.1"
    getpass "^0.1.1"
    jsbn "~0.1.0"
    safer-buffer "^2.0.2"
    tweetnacl "~0.14.0"

string-width@^1.0.1:
  version "1.0.2"
  resolved "https://registry.yarnpkg.com/string-width/-/string-width-1.0.2.tgz#118bdf5b8cdc51a2a7e70d211e07e2b0b9b107d3"
  integrity sha512-0XsVpQLnVCXHJfyEs8tC0zpTVIr5PKKsQtkT29IwupnPTjtPmQ3xT/4yCREF9hYkV/3M3kzcUTSAZT6a6h81tw==
  dependencies:
    code-point-at "^1.0.0"
    is-fullwidth-code-point "^1.0.0"
    strip-ansi "^3.0.0"

string_decoder@~0.10.x:
  version "0.10.31"
  resolved "https://registry.yarnpkg.com/string_decoder/-/string_decoder-0.10.31.tgz#62e203bc41766c6c28c9fc84301dab1c5310fa94"
  integrity sha512-ev2QzSzWPYmy9GuqfIVildA4OdcGLeFZQrq5ys6RtiuF+RQQiZWr8TZNyAcuVXyQRYfEO+MsoB/1BuQVhOJuoQ==

stringstream@~0.0.4:
  version "0.0.6"
  resolved "https://registry.yarnpkg.com/stringstream/-/stringstream-0.0.6.tgz#7880225b0d4ad10e30927d167a1d6f2fd3b33a72"
  integrity sha512-87GEBAkegbBcweToUrdzf3eLhWNg06FJTebl4BVJz/JgWy8CvEr9dRtX5qWphiynMSQlxxi+QqN0z5T32SLlhA==

strip-ansi@^3.0.0, strip-ansi@^3.0.1:
  version "3.0.1"
  resolved "https://registry.yarnpkg.com/strip-ansi/-/strip-ansi-3.0.1.tgz#6a385fb8853d952d5ff05d0e8aaf94278dc63dcf"
  integrity sha512-VhumSSbBqDTP8p2ZLKj40UjBCV4+v8bUSEpUb4KjRgWk9pbqGF4REFj6KEagidb2f/M6AzC0EmFyDNGaw9OCzg==
  dependencies:
    ansi-regex "^2.0.0"

supports-color@^2.0.0:
  version "2.0.0"
  resolved "https://registry.yarnpkg.com/supports-color/-/supports-color-2.0.0.tgz#535d045ce6b6363fa40117084629995e9df324c7"
  integrity sha512-KKNVtd6pCYgPIKU4cp2733HWYCpplQhddZLBUryaAHou723x+FRzQ5Df824Fj+IyyuiQTRoub4SnIFfIcrp70g==

tough-cookie@~2.3.0:
  version "2.3.4"
  resolved "https://registry.yarnpkg.com/tough-cookie/-/tough-cookie-2.3.4.tgz#ec60cee38ac675063ffc97a5c18970578ee83655"
  integrity sha512-TZ6TTfI5NtZnuyy/Kecv+CnoROnyXn2DN97LontgQpCwsX2XyLYCC0ENhYkehSOwAp8rTQKc/NUIF7BkQ5rKLA==
  dependencies:
    punycode "^1.4.1"

tunnel-agent@~0.4.1:
  version "0.4.3"
  resolved "https://registry.yarnpkg.com/tunnel-agent/-/tunnel-agent-0.4.3.tgz#6373db76909fe570e08d73583365ed828a74eeeb"
  integrity sha512-e0IoVDWx8SDHc/hwFTqJDQ7CCDTEeGhmcT9jkWJjoGQSpgBz20nAMr80E3Tpk7PatJ1b37DQDgJR3CNSzcMOZQ==

tweetnacl@^0.14.3, tweetnacl@~0.14.0:
  version "0.14.5"
  resolved "https://registry.yarnpkg.com/tweetnacl/-/tweetnacl-0.14.5.tgz#5ae68177f192d4456269d108afa93ff8743f4f64"
  integrity sha512-KXXFFdAbFXY4geFIwoyNK+f5Z1b7swfXABfL7HXCmoIWMKU3dmS26672A4EeQtDzLKy7SXmfBu51JolvEKwtGA==

util-deprecate@~1.0.1:
  version "1.0.2"
  resolved "https://registry.yarnpkg.com/util-deprecate/-/util-deprecate-1.0.2.tgz#450d4dc9fa70de732762fbd2d4a28981419a0ccf"
  integrity sha512-EPD5q1uXyFxJpCrLnCc1nHnq3gOa6DZBocAIiI2TaSCA7VCJ1UJDMagCzIkXNsUYfD1daK//LTEQ8xiIbrHtcw==

verror@1.10.0:
  version "1.10.0"
  resolved "https://registry.yarnpkg.com/verror/-/verror-1.10.0.tgz#3a105ca17053af55d6e270c1f8288682e18da400"
  integrity sha512-ZZKSmDAEFOijERBLkmYfJ+vmk3w+7hOLYDNkRCuRuMJGEmqYNCNLyBBFwWKVMhfwaEF3WOd0Zlw86U/WC/+nYw==
  dependencies:
    assert-plus "^1.0.0"
    core-util-is "1.0.2"
    extsprintf "^1.2.0"

websocket-driver@>=0.5.1:
  version "0.7.4"
  resolved "https://registry.yarnpkg.com/websocket-driver/-/websocket-driver-0.7.4.tgz#89ad5295bbf64b480abcba31e4953aca706f5760"
  integrity sha512-b17KeDIQVjvb0ssuSDF2cYXSg2iztliJ4B9WdsuB6J952qCPKmnVq4DyW5motImXHDC1cBT/1UezrJVsKw5zjg==
  dependencies:
    http-parser-js ">=0.5.1"
    safe-buffer ">=5.1.0"
    websocket-extensions ">=0.1.1"

websocket-extensions@>=0.1.1:
  version "0.1.4"
  resolved "https://registry.yarnpkg.com/websocket-extensions/-/websocket-extensions-0.1.4.tgz#7f8473bc839dfd87608adb95d7eb075211578a42"
  integrity sha512-OqedPIGOfsDlo31UNwYbCFMSaO9m9G/0faIHj5/dZFDMFqPTcx6UwqyOy3COEaEOg/9VsGIpdqn62W5KhoKSpg==

window-size@^0.1.4:
  version "0.1.4"
  resolved "https://registry.yarnpkg.com/window-size/-/window-size-0.1.4.tgz#f8e1aa1ee5a53ec5bf151ffa09742a6ad7697876"
  integrity sha512-2thx4pB0cV3h+Bw7QmMXcEbdmOzv9t0HFplJH/Lz6yu60hXYy5RT8rUu+wlIreVxWsGN20mo+MHeCSfUpQBwPw==

wrap-ansi@^2.0.0:
  version "2.1.0"
  resolved "https://registry.yarnpkg.com/wrap-ansi/-/wrap-ansi-2.1.0.tgz#d8fc3d284dd05794fe84973caecdd1cf824fdd85"
  integrity sha512-vAaEaDM946gbNpH5pLVNR+vX2ht6n0Bt3GXwVB1AuAqZosOvHNF3P7wDnh8KLkSqgUh0uh77le7Owgoz+Z9XBw==
  dependencies:
    string-width "^1.0.1"
    strip-ansi "^3.0.1"

ws@^8.8.1:
  version "8.8.1"
  resolved "https://registry.yarnpkg.com/ws/-/ws-8.8.1.tgz#5dbad0feb7ade8ecc99b830c1d77c913d4955ff0"
  integrity sha512-bGy2JzvzkPowEJV++hF07hAD6niYSr0JzBNo/J29WsB57A2r7Wlc1UFcTR9IzrPvuNVO4B8LGqF8qcpsVOhJCA==

xtend@^4.0.0:
  version "4.0.2"
  resolved "https://registry.yarnpkg.com/xtend/-/xtend-4.0.2.tgz#bb72779f5fa465186b1f438f674fa347fdb5db54"
  integrity sha512-LKYU1iAXJXUgAXn9URjiu+MWhyUXHsvfp7mcuYm9dSUKK0/CjtrUwFAxD82/mCWbtLsGjFIad0wIsod4zrTAEQ==

y18n@^3.2.0:
  version "3.2.2"
  resolved "https://registry.yarnpkg.com/y18n/-/y18n-3.2.2.tgz#85c901bd6470ce71fc4bb723ad209b70f7f28696"
  integrity sha512-uGZHXkHnhF0XeeAPgnKfPv1bgKAYyVvmNL1xlKsPYZPaIHxGti2hHqvOCQv71XMsLxu1QjergkqogUnms5D3YQ==

yargs@^3.32.0:
  version "3.32.0"
  resolved "https://registry.yarnpkg.com/yargs/-/yargs-3.32.0.tgz#03088e9ebf9e756b69751611d2a5ef591482c995"
  integrity sha512-ONJZiimStfZzhKamYvR/xvmgW3uEkAUFSP91y2caTEPhzF6uP2JfPiVZcq66b/YR0C3uitxSV7+T1x8p5bkmMg==
  dependencies:
    camelcase "^2.0.1"
    cliui "^3.0.3"
    decamelize "^1.1.1"
    os-locale "^1.4.0"
    string-width "^1.0.1"
    window-size "^0.1.4"
    y18n "^3.2.0"
